
Microsoft Visual Studio Solution File, Format Version 12.00
# Visual Studio Version 16
VisualStudioVersion = 16.0.31321.278
MinimumVisualStudioVersion = 10.0.40219.1
Project("{8BC9CEB8-8B4A-11D0-8D11-00A0C91BC942}") = "DemoArray", "DemoArray\DemoArray.vcxproj", "{CE358CC7-B59C-41D9-9914-C6C89EAFCFF6}"
EndProject
Project("{8BC9CEB8-8B4A-11D0-8D11-00A0C91BC942}") = "DemoFunction", "DemoFunction\DemoFunction.vcxproj", "{FB9EC00B-EAB4-41C6-A886-EEF7D4273258}"
EndProject
Project("{8BC9CEB8-8B4A-11D0-8D11-00A0C91BC942}") = "DemoFunctionPointer", "DemoFunctionPointer\DemoFunctionPointer.vcxproj", "{1D1E22B9-2B9F-476D-BADC-D0D3A852084B}"
EndProject
Project("{8BC9CEB8-8B4A-11D0-8D11-00A0C91BC942}") = "DemoMacro", "DemoMacro\DemoMacro.vcxproj", "{AAEC2DE7-653B-4A60-B989-168716090078}"
EndProject
Project("{8BC9CEB8-8B4A-11D0-8D11-00A0C91BC942}") = "DemoParameter", "DemoParameter\DemoParameter.vcxproj", "{B3A6EBA7-0377-4164-8DB7-5E025F6A08BD}"
EndProject
Project("{8BC9CEB8-8B4A-11D0-8D11-00A0C91BC942}") = "DemoStruct", "DemoStructDefine\DemoStructDefine.vcxproj", "{AAFF654C-E32E-4A2D-9B5F-D8F39A0AB02E}"
EndProject
Project("{8BC9CEB8-8B4A-11D0-8D11-00A0C91BC942}") = "DemoUnion", "DemoUnion\DemoUnion.vcxproj", "{9E4C0D79-CE1F-4E24-AB85-9C7B21807743}"
EndProject
Project("{8BC9CEB8-8B4A-11D0-8D11-00A0C91BC942}") = "DemoEnum", "DemoEnum\DemoEnum.vcxproj", "{5A7E230B-181B-4FA0-93E5-CA910842D22E}"
EndProject
Project("{8BC9CEB8-8B4A-11D0-8D11-00A0C91BC942}") = "DemoVariableLen", "DemoVariableLen\DemoVariableLen.vcxproj", "{43534784-7601-40A7-B683-30979EA06A74}"
EndProject
Project("{8BC9CEB8-8B4A-11D0-8D11-00A0C91BC942}") = "DemoBubbleSort", "DemoBubbleSort\DemoBubbleSort.vcxproj", "{3A568DFC-CB47-43A9-8CA6-95AD81215657}"
EndProject
Project("{8BC9CEB8-8B4A-11D0-8D11-00A0C91BC942}") = "DemoFileIO", "DemoFileIO\DemoFileIO.vcxproj", "{517503CD-A31D-4E37-8100-B900BACD4E7A}"
EndProject
Project("{8BC9CEB8-8B4A-11D0-8D11-00A0C91BC942}") = "DemoFilePointer", "DemoFilePointer\DemoFilePointer.vcxproj", "{552A5746-E542-4FE9-B4A2-C0291E9A9A90}"
EndProject
Project("{8BC9CEB8-8B4A-11D0-8D11-00A0C91BC942}") = "DemoFileStruct", "DemoFileStruct\DemoFileStruct.vcxproj", "{956FBD3E-EEA7-4E9D-9978-34598190CE75}"
EndProject
Project("{8BC9CEB8-8B4A-11D0-8D11-00A0C91BC942}") = "DemoString", "DemoString\DemoString.vcxproj", "{A6FBC6F0-CD73-4805-A20A-B5DC44183545}"
EndProject
Project("{8BC9CEB8-8B4A-11D0-8D11-00A0C91BC942}") = "DemoRecursion", "DemoRecursion\DemoRecursion.vcxproj", "{892E9442-1AEB-4B30-B8E3-01BCFF64703F}"
EndProject
Project("{8BC9CEB8-8B4A-11D0-8D11-00A0C91BC942}") = "DemoPointer", "DemoPointer\DemoPointer.vcxproj", "{16023E47-C959-4C87-A521-C355E2D1E1C8}"
EndProject
Global
	GlobalSection(SolutionConfigurationPlatforms) = preSolution
		Debug|x64 = Debug|x64
		Debug|x86 = Debug|x86
		Release|x64 = Release|x64
		Release|x86 = Release|x86
	EndGlobalSection
	GlobalSection(ProjectConfigurationPlatforms) = postSolution
		{CE358CC7-B59C-41D9-9914-C6C89EAFCFF6}.Debug|x64.ActiveCfg = Debug|x64
		{CE358CC7-B59C-41D9-9914-C6C89EAFCFF6}.Debug|x64.Build.0 = Debug|x64
		{CE358CC7-B59C-41D9-9914-C6C89EAFCFF6}.Debug|x86.ActiveCfg = Debug|Win32
		{CE358CC7-B59C-41D9-9914-C6C89EAFCFF6}.Debug|x86.Build.0 = Debug|Win32
		{CE358CC7-B59C-41D9-9914-C6C89EAFCFF6}.Release|x64.ActiveCfg = Release|x64
		{CE358CC7-B59C-41D9-9914-C6C89EAFCFF6}.Release|x64.Build.0 = Release|x64
		{CE358CC7-B59C-41D9-9914-C6C89EAFCFF6}.Release|x86.ActiveCfg = Release|Win32
		{CE358CC7-B59C-41D9-9914-C6C89EAFCFF6}.Release|x86.Build.0 = Release|Win32
		{FB9EC00B-EAB4-41C6-A886-EEF7D4273258}.Debug|x64.ActiveCfg = Debug|x64
		{FB9EC00B-EAB4-41C6-A886-EEF7D4273258}.Debug|x64.Build.0 = Debug|x64
		{FB9EC00B-EAB4-41C6-A886-EEF7D4273258}.Debug|x86.ActiveCfg = Debug|Win32
		{FB9EC00B-EAB4-41C6-A886-EEF7D4273258}.Debug|x86.Build.0 = Debug|Win32
		{FB9EC00B-EAB4-41C6-A886-EEF7D4273258}.Release|x64.ActiveCfg = Release|x64
		{FB9EC00B-EAB4-41C6-A886-EEF7D4273258}.Release|x64.Build.0 = Release|x64
		{FB9EC00B-EAB4-41C6-A886-EEF7D4273258}.Release|x86.ActiveCfg = Release|Win32
		{FB9EC00B-EAB4-41C6-A886-EEF7D4273258}.Release|x86.Build.0 = Release|Win32
		{1D1E22B9-2B9F-476D-BADC-D0D3A852084B}.Debug|x64.ActiveCfg = Debug|x64
		{1D1E22B9-2B9F-476D-BADC-D0D3A852084B}.Debug|x64.Build.0 = Debug|x64
		{1D1E22B9-2B9F-476D-BADC-D0D3A852084B}.Debug|x86.ActiveCfg = Debug|Win32
		{1D1E22B9-2B9F-476D-BADC-D0D3A852084B}.Debug|x86.Build.0 = Debug|Win32
		{1D1E22B9-2B9F-476D-BADC-D0D3A852084B}.Release|x64.ActiveCfg = Release|x64
		{1D1E22B9-2B9F-476D-BADC-D0D3A852084B}.Release|x64.Build.0 = Release|x64
		{1D1E22B9-2B9F-476D-BADC-D0D3A852084B}.Release|x86.ActiveCfg = Release|Win32
		{1D1E22B9-2B9F-476D-BADC-D0D3A852084B}.Release|x86.Build.0 = Release|Win32
		{AAEC2DE7-653B-4A60-B989-168716090078}.Debug|x64.ActiveCfg = Debug|x64
		{AAEC2DE7-653B-4A60-B989-168716090078}.Debug|x64.Build.0 = Debug|x64
		{AAEC2DE7-653B-4A60-B989-168716090078}.Debug|x86.ActiveCfg = Debug|Win32
		{AAEC2DE7-653B-4A60-B989-168716090078}.Debug|x86.Build.0 = Debug|Win32
		{AAEC2DE7-653B-4A60-B989-168716090078}.Release|x64.ActiveCfg = Release|x64
		{AAEC2DE7-653B-4A60-B989-168716090078}.Release|x64.Build.0 = Release|x64
		{AAEC2DE7-653B-4A60-B989-168716090078}.Release|x86.ActiveCfg = Release|Win32
		{AAEC2DE7-653B-4A60-B989-168716090078}.Release|x86.Build.0 = Release|Win32
		{B3A6EBA7-0377-4164-8DB7-5E025F6A08BD}.Debug|x64.ActiveCfg = Debug|x64
		{B3A6EBA7-0377-4164-8DB7-5E025F6A08BD}.Debug|x64.Build.0 = Debug|x64
		{B3A6EBA7-0377-4164-8DB7-5E025F6A08BD}.Debug|x86.ActiveCfg = Debug|Win32
		{B3A6EBA7-0377-4164-8DB7-5E025F6A08BD}.Debug|x86.Build.0 = Debug|Win32
		{B3A6EBA7-0377-4164-8DB7-5E025F6A08BD}.Release|x64.ActiveCfg = Release|x64
		{B3A6EBA7-0377-4164-8DB7-5E025F6A08BD}.Release|x64.Build.0 = Release|x64
		{B3A6EBA7-0377-4164-8DB7-5E025F6A08BD}.Release|x86.ActiveCfg = Release|Win32
		{B3A6EBA7-0377-4164-8DB7-5E025F6A08BD}.Release|x86.Build.0 = Release|Win32
		{AAFF654C-E32E-4A2D-9B5F-D8F39A0AB02E}.Debug|x64.ActiveCfg = Debug|x64
		{AAFF654C-E32E-4A2D-9B5F-D8F39A0AB02E}.Debug|x64.Build.0 = Debug|x64
		{AAFF654C-E32E-4A2D-9B5F-D8F39A0AB02E}.Debug|x86.ActiveCfg = Debug|Win32
		{AAFF654C-E32E-4A2D-9B5F-D8F39A0AB02E}.Debug|x86.Build.0 = Debug|Win32
		{AAFF654C-E32E-4A2D-9B5F-D8F39A0AB02E}.Release|x64.ActiveCfg = Release|x64
		{AAFF654C-E32E-4A2D-9B5F-D8F39A0AB02E}.Release|x64.Build.0 = Release|x64
		{AAFF654C-E32E-4A2D-9B5F-D8F39A0AB02E}.Release|x86.ActiveCfg = Release|Win32
		{AAFF654C-E32E-4A2D-9B5F-D8F39A0AB02E}.Release|x86.Build.0 = Release|Win32
		{9E4C0D79-CE1F-4E24-AB85-9C7B21807743}.Debug|x64.ActiveCfg = Debug|x64
		{9E4C0D79-CE1F-4E24-AB85-9C7B21807743}.Debug|x64.Build.0 = Debug|x64
		{9E4C0D79-CE1F-4E24-AB85-9C7B21807743}.Debug|x86.ActiveCfg = Debug|Win32
		{9E4C0D79-CE1F-4E24-AB85-9C7B21807743}.Debug|x86.Build.0 = Debug|Win32
		{9E4C0D79-CE1F-4E24-AB85-9C7B21807743}.Release|x64.ActiveCfg = Release|x64
		{9E4C0D79-CE1F-4E24-AB85-9C7B21807743}.Release|x64.Build.0 = Release|x64
		{9E4C0D79-CE1F-4E24-AB85-9C7B21807743}.Release|x86.ActiveCfg = Release|Win32
		{9E4C0D79-CE1F-4E24-AB85-9C7B21807743}.Release|x86.Build.0 = Release|Win32
		{5A7E230B-181B-4FA0-93E5-CA910842D22E}.Debug|x64.ActiveCfg = Debug|x64
		{5A7E230B-181B-4FA0-93E5-CA910842D22E}.Debug|x64.Build.0 = Debug|x64
		{5A7E230B-181B-4FA0-93E5-CA910842D22E}.Debug|x86.ActiveCfg = Debug|Win32
		{5A7E230B-181B-4FA0-93E5-CA910842D22E}.Debug|x86.Build.0 = Debug|Win32
		{5A7E230B-181B-4FA0-93E5-CA910842D22E}.Release|x64.ActiveCfg = Release|x64
		{5A7E230B-181B-4FA0-93E5-CA910842D22E}.Release|x64.Build.0 = Release|x64
		{5A7E230B-181B-4FA0-93E5-CA910842D22E}.Release|x86.ActiveCfg = Release|Win32
		{5A7E230B-181B-4FA0-93E5-CA910842D22E}.Release|x86.Build.0 = Release|Win32
		{43534784-7601-40A7-B683-30979EA06A74}.Debug|x64.ActiveCfg = Debug|x64
		{43534784-7601-40A7-B683-30979EA06A74}.Debug|x64.Build.0 = Debug|x64
		{43534784-7601-40A7-B683-30979EA06A74}.Debug|x86.ActiveCfg = Debug|Win32
		{43534784-7601-40A7-B683-30979EA06A74}.Debug|x86.Build.0 = Debug|Win32
		{43534784-7601-40A7-B683-30979EA06A74}.Release|x64.ActiveCfg = Release|x64
		{43534784-7601-40A7-B683-30979EA06A74}.Release|x64.Build.0 = Release|x64
		{43534784-7601-40A7-B683-30979EA06A74}.Release|x86.ActiveCfg = Release|Win32
		{43534784-7601-40A7-B683-30979EA06A74}.Release|x86.Build.0 = Release|Win32
		{3A568DFC-CB47-43A9-8CA6-95AD81215657}.Debug|x64.ActiveCfg = Debug|x64
		{3A568DFC-CB47-43A9-8CA6-95AD81215657}.Debug|x64.Build.0 = Debug|x64
		{3A568DFC-CB47-43A9-8CA6-95AD81215657}.Debug|x86.ActiveCfg = Debug|Win32
		{3A568DFC-CB47-43A9-8CA6-95AD81215657}.Debug|x86.Build.0 = Debug|Win32
		{3A568DFC-CB47-43A9-8CA6-95AD81215657}.Release|x64.ActiveCfg = Release|x64
		{3A568DFC-CB47-43A9-8CA6-95AD81215657}.Release|x64.Build.0 = Release|x64
		{3A568DFC-CB47-43A9-8CA6-95AD81215657}.Release|x86.ActiveCfg = Release|Win32
		{3A568DFC-CB47-43A9-8CA6-95AD81215657}.Release|x86.Build.0 = Release|Win32
		{517503CD-A31D-4E37-8100-B900BACD4E7A}.Debug|x64.ActiveCfg = Debug|x64
		{517503CD-A31D-4E37-8100-B900BACD4E7A}.Debug|x64.Build.0 = Debug|x64
		{517503CD-A31D-4E37-8100-B900BACD4E7A}.Debug|x86.ActiveCfg = Debug|Win32
		{517503CD-A31D-4E37-8100-B900BACD4E7A}.Debug|x86.Build.0 = Debug|Win32
		{517503CD-A31D-4E37-8100-B900BACD4E7A}.Release|x64.ActiveCfg = Release|x64
		{517503CD-A31D-4E37-8100-B900BACD4E7A}.Release|x64.Build.0 = Release|x64
		{517503CD-A31D-4E37-8100-B900BACD4E7A}.Release|x86.ActiveCfg = Release|Win32
		{517503CD-A31D-4E37-8100-B900BACD4E7A}.Release|x86.Build.0 = Release|Win32
		{552A5746-E542-4FE9-B4A2-C0291E9A9A90}.Debug|x64.ActiveCfg = Debug|x64
		{552A5746-E542-4FE9-B4A2-C0291E9A9A90}.Debug|x64.Build.0 = Debug|x64
		{552A5746-E542-4FE9-B4A2-C0291E9A9A90}.Debug|x86.ActiveCfg = Debug|Win32
		{552A5746-E542-4FE9-B4A2-C0291E9A9A90}.Debug|x86.Build.0 = Debug|Win32
		{552A5746-E542-4FE9-B4A2-C0291E9A9A90}.Release|x64.ActiveCfg = Release|x64
		{552A5746-E542-4FE9-B4A2-C0291E9A9A90}.Release|x64.Build.0 = Release|x64
		{552A5746-E542-4FE9-B4A2-C0291E9A9A90}.Release|x86.ActiveCfg = Release|Win32
		{552A5746-E542-4FE9-B4A2-C0291E9A9A90}.Release|x86.Build.0 = Release|Win32
		{956FBD3E-EEA7-4E9D-9978-34598190CE75}.Debug|x64.ActiveCfg = Debug|x64
		{956FBD3E-EEA7-4E9D-9978-34598190CE75}.Debug|x64.Build.0 = Debug|x64
		{956FBD3E-EEA7-4E9D-9978-34598190CE75}.Debug|x86.ActiveCfg = Debug|Win32
		{956FBD3E-EEA7-4E9D-9978-34598190CE75}.Debug|x86.Build.0 = Debug|Win32
		{956FBD3E-EEA7-4E9D-9978-34598190CE75}.Release|x64.ActiveCfg = Release|x64
		{956FBD3E-EEA7-4E9D-9978-34598190CE75}.Release|x64.Build.0 = Release|x64
		{956FBD3E-EEA7-4E9D-9978-34598190CE75}.Release|x86.ActiveCfg = Release|Win32
		{956FBD3E-EEA7-4E9D-9978-34598190CE75}.Release|x86.Build.0 = Release|Win32
		{A6FBC6F0-CD73-4805-A20A-B5DC44183545}.Debug|x64.ActiveCfg = Debug|x64
		{A6FBC6F0-CD73-4805-A20A-B5DC44183545}.Debug|x64.Build.0 = Debug|x64
		{A6FBC6F0-CD73-4805-A20A-B5DC44183545}.Debug|x86.ActiveCfg = Debug|Win32
		{A6FBC6F0-CD73-4805-A20A-B5DC44183545}.Debug|x86.Build.0 = Debug|Win32
		{A6FBC6F0-CD73-4805-A20A-B5DC44183545}.Release|x64.ActiveCfg = Release|x64
		{A6FBC6F0-CD73-4805-A20A-B5DC44183545}.Release|x64.Build.0 = Release|x64
		{A6FBC6F0-CD73-4805-A20A-B5DC44183545}.Release|x86.ActiveCfg = Release|Win32
		{A6FBC6F0-CD73-4805-A20A-B5DC44183545}.Release|x86.Build.0 = Release|Win32
		{892E9442-1AEB-4B30-B8E3-01BCFF64703F}.Debug|x64.ActiveCfg = Debug|x64
		{892E9442-1AEB-4B30-B8E3-01BCFF64703F}.Debug|x64.Build.0 = Debug|x64
		{892E9442-1AEB-4B30-B8E3-01BCFF64703F}.Debug|x86.ActiveCfg = Debug|Win32
		{892E9442-1AEB-4B30-B8E3-01BCFF64703F}.Debug|x86.Build.0 = Debug|Win32
		{892E9442-1AEB-4B30-B8E3-01BCFF64703F}.Release|x64.ActiveCfg = Release|x64
		{892E9442-1AEB-4B30-B8E3-01BCFF64703F}.Release|x64.Build.0 = Release|x64
		{892E9442-1AEB-4B30-B8E3-01BCFF64703F}.Release|x86.ActiveCfg = Release|Win32
		{892E9442-1AEB-4B30-B8E3-01BCFF64703F}.Release|x86.Build.0 = Release|Win32
		{16023E47-C959-4C87-A521-C355E2D1E1C8}.Debug|x64.ActiveCfg = Debug|x64
		{16023E47-C959-4C87-A521-C355E2D1E1C8}.Debug|x64.Build.0 = Debug|x64
		{16023E47-C959-4C87-A521-C355E2D1E1C8}.Debug|x86.ActiveCfg = Debug|Win32
		{16023E47-C959-4C87-A521-C355E2D1E1C8}.Debug|x86.Build.0 = Debug|Win32
		{16023E47-C959-4C87-A521-C355E2D1E1C8}.Release|x64.ActiveCfg = Release|x64
		{16023E47-C959-4C87-A521-C355E2D1E1C8}.Release|x64.Build.0 = Release|x64
		{16023E47-C959-4C87-A521-C355E2D1E1C8}.Release|x86.ActiveCfg = Release|Win32
		{16023E47-C959-4C87-A521-C355E2D1E1C8}.Release|x86.Build.0 = Release|Win32
	EndGlobalSection
	GlobalSection(SolutionProperties) = preSolution
		HideSolutionNode = FALSE
	EndGlobalSection
	GlobalSection(ExtensibilityGlobals) = postSolution
		SolutionGuid = {70D55CAF-37FD-4431-A24E-9D1F94F93BD2}
	EndGlobalSection
EndGlobal
